// !$*UTF8*$!
{
	archiveVersion = 1;
	classes = {
	};
	objectVersion = 50;
	objects = {

/* Begin PBXBuildFile section */
		91FDB6C1248F866600721C5D /* AppDelegate.swift in Sources */ = {isa = PBXBuildFile; fileRef = 91FDB6C0248F866600721C5D /* AppDelegate.swift */; };
		91FDB6C3248F866600721C5D /* SceneDelegate.swift in Sources */ = {isa = PBXBuildFile; fileRef = 91FDB6C2248F866600721C5D /* SceneDelegate.swift */; };
		91FDB6C5248F866600721C5D /* ContentView.swift in Sources */ = {isa = PBXBuildFile; fileRef = 91FDB6C4248F866600721C5D /* ContentView.swift */; };
		91FDB6C7248F866700721C5D /* Assets.xcassets in Resources */ = {isa = PBXBuildFile; fileRef = 91FDB6C6248F866700721C5D /* Assets.xcassets */; };
		91FDB6CA248F866700721C5D /* Preview Assets.xcassets in Resources */ = {isa = PBXBuildFile; fileRef = 91FDB6C9248F866700721C5D /* Preview Assets.xcassets */; };
		91FDB6CD248F866700721C5D /* LaunchScreen.storyboard in Resources */ = {isa = PBXBuildFile; fileRef = 91FDB6CB248F866700721C5D /* LaunchScreen.storyboard */; };
		91FDB6D7248F87F900721C5D /* SwiftUITextView.swift in Sources */ = {isa = PBXBuildFile; fileRef = 91FDB6D6248F87F900721C5D /* SwiftUITextView.swift */; };
		91FDB6D9248F886000721C5D /* SwiftUIImageView.swift in Sources */ = {isa = PBXBuildFile; fileRef = 91FDB6D8248F886000721C5D /* SwiftUIImageView.swift */; };
		91FDB6DB248F88D300721C5D /* SwiftUIVerticalStackView.swift in Sources */ = {isa = PBXBuildFile; fileRef = 91FDB6DA248F88D300721C5D /* SwiftUIVerticalStackView.swift */; };
		91FDB6DD248F891B00721C5D /* SwiftUIHorizontalStackView.swift in Sources */ = {isa = PBXBuildFile; fileRef = 91FDB6DC248F891B00721C5D /* SwiftUIHorizontalStackView.swift */; };
		91FDB6DF248F898300721C5D /* SwiftUIButton.swift in Sources */ = {isa = PBXBuildFile; fileRef = 91FDB6DE248F898300721C5D /* SwiftUIButton.swift */; };
		91FDB6E1248F898F00721C5D /* SwiftUIPickerView.swift in Sources */ = {isa = PBXBuildFile; fileRef = 91FDB6E0248F898F00721C5D /* SwiftUIPickerView.swift */; };
		91FDB6E3248F89AB00721C5D /* SwiftUIMultipleDevicePreview.swift in Sources */ = {isa = PBXBuildFile; fileRef = 91FDB6E2248F89AB00721C5D /* SwiftUIMultipleDevicePreview.swift */; };
/* End PBXBuildFile section */

/* Begin PBXFileReference section */
		91FDB6BD248F866600721C5D /* SwiftUIAssignment.app */ = {isa = PBXFileReference; explicitFileType = wrapper.application; includeInIndex = 0; path = SwiftUIAssignment.app; sourceTree = BUILT_PRODUCTS_DIR; };
		91FDB6C0248F866600721C5D /* AppDelegate.swift */ = {isa = PBXFileReference; lastKnownFileType = sourcecode.swift; path = AppDelegate.swift; sourceTree = "<group>"; };
		91FDB6C2248F866600721C5D /* SceneDelegate.swift */ = {isa = PBXFileReference; lastKnownFileType = sourcecode.swift; path = SceneDelegate.swift; sourceTree = "<group>"; };
		91FDB6C4248F866600721C5D /* ContentView.swift */ = {isa = PBXFileReference; lastKnownFileType = sourcecode.swift; path = ContentView.swift; sourceTree = "<group>"; };
		91FDB6C6248F866700721C5D /* Assets.xcassets */ = {isa = PBXFileReference; lastKnownFileType = folder.assetcatalog; path = Assets.xcassets; sourceTree = "<group>"; };
		91FDB6C9248F866700721C5D /* Preview Assets.xcassets */ = {isa = PBXFileReference; lastKnownFileType = folder.assetcatalog; path = "Preview Assets.xcassets"; sourceTree = "<group>"; };
		91FDB6CC248F866700721C5D /* Base */ = {isa = PBXFileReference; lastKnownFileType = file.storyboard; name = Base; path = Base.lproj/LaunchScreen.storyboard; sourceTree = "<group>"; };
		91FDB6CE248F866700721C5D /* Info.plist */ = {isa = PBXFileReference; lastKnownFileType = text.plist.xml; path = Info.plist; sourceTree = "<group>"; };
		91FDB6D6248F87F900721C5D /* SwiftUITextView.swift */ = {isa = PBXFileReference; lastKnownFileType = sourcecode.swift; path = SwiftUITextView.swift; sourceTree = "<group>"; };
		91FDB6D8248F886000721C5D /* SwiftUIImageView.swift */ = {isa = PBXFileReference; lastKnownFileType = sourcecode.swift; path = SwiftUIImageView.swift; sourceTree = "<group>"; };
		91FDB6DA248F88D300721C5D /* SwiftUIVerticalStackView.swift */ = {isa = PBXFileReference; lastKnownFileType = sourcecode.swift; path = SwiftUIVerticalStackView.swift; sourceTree = "<group>"; };
		91FDB6DC248F891B00721C5D /* SwiftUIHorizontalStackView.swift */ = {isa = PBXFileReference; lastKnownFileType = sourcecode.swift; path = SwiftUIHorizontalStackView.swift; sourceTree = "<group>"; };
		91FDB6DE248F898300721C5D /* SwiftUIButton.swift */ = {isa = PBXFileReference; lastKnownFileType = sourcecode.swift; path = SwiftUIButton.swift; sourceTree = "<group>"; };
		91FDB6E0248F898F00721C5D /* SwiftUIPickerView.swift */ = {isa = PBXFileReference; lastKnownFileType = sourcecode.swift; path = SwiftUIPickerView.swift; sourceTree = "<group>"; };
		91FDB6E2248F89AB00721C5D /* SwiftUIMultipleDevicePreview.swift */ = {isa = PBXFileReference; lastKnownFileType = sourcecode.swift; path = SwiftUIMultipleDevicePreview.swift; sourceTree = "<group>"; };
/* End PBXFileReference section */

/* Begin PBXFrameworksBuildPhase section */
		91FDB6BA248F866600721C5D /* Frameworks */ = {
			isa = PBXFrameworksBuildPhase;
			buildActionMask = 2147483647;
			files = (
			);
			runOnlyForDeploymentPostprocessing = 0;
		};
/* End PBXFrameworksBuildPhase section */

/* Begin PBXGroup section */
		91FDB6B4248F866600721C5D = {
			isa = PBXGroup;
			children = (
				91FDB6BF248F866600721C5D /* SwiftUIAssignment */,
				91FDB6BE248F866600721C5D /* Products */,
			);
			sourceTree = "<group>";
		};
		91FDB6BE248F866600721C5D /* Products */ = {
			isa = PBXGroup;
			children = (
				91FDB6BD248F866600721C5D /* SwiftUIAssignment.app */,
			);
			name = Products;
			sourceTree = "<group>";
		};
		91FDB6BF248F866600721C5D /* SwiftUIAssignment */ = {
			isa = PBXGroup;
			children = (
				91FDB6C0248F866600721C5D /* AppDelegate.swift */,
				91FDB6C2248F866600721C5D /* SceneDelegate.swift */,
				91FDB6C4248F866600721C5D /* ContentView.swift */,
				91FDB6D6248F87F900721C5D /* SwiftUITextView.swift */,
				91FDB6D8248F886000721C5D /* SwiftUIImageView.swift */,
				91FDB6DA248F88D300721C5D /* SwiftUIVerticalStackView.swift */,
				91FDB6DC248F891B00721C5D /* SwiftUIHorizontalStackView.swift */,
				91FDB6DE248F898300721C5D /* SwiftUIButton.swift */,
				91FDB6E0248F898F00721C5D /* SwiftUIPickerView.swift */,
				91FDB6E2248F89AB00721C5D /* SwiftUIMultipleDevicePreview.swift */,
				91FDB6C6248F866700721C5D /* Assets.xcassets */,
				91FDB6CB248F866700721C5D /* LaunchScreen.storyboard */,
				91FDB6CE248F866700721C5D /* Info.plist */,
				91FDB6C8248F866700721C5D /* Preview Content */,
			);
			path = SwiftUIAssignment;
			sourceTree = "<group>";
		};
		91FDB6C8248F866700721C5D /* Preview Content */ = {
			isa = PBXGroup;
			children = (
				91FDB6C9248F866700721C5D /* Preview Assets.xcassets */,
			);
			path = "Preview Content";
			sourceTree = "<group>";
		};
/* End PBXGroup section */

/* Begin PBXNativeTarget section */
		91FDB6BC248F866600721C5D /* SwiftUIAssignment */ = {
			isa = PBXNativeTarget;
			buildConfigurationList = 91FDB6D1248F866700721C5D /* Build configuration list for PBXNativeTarget "SwiftUIAssignment" */;
			buildPhases = (
				91FDB6B9248F866600721C5D /* Sources */,
				91FDB6BA248F866600721C5D /* Frameworks */,
				91FDB6BB248F866600721C5D /* Resources */,
			);
			buildRules = (
			);
			dependencies = (
			);
			name = SwiftUIAssignment;
			productName = SwiftUIAssignment;
			productReference = 91FDB6BD248F866600721C5D /* SwiftUIAssignment.app */;
			productType = "com.apple.product-type.application";
		};
/* End PBXNativeTarget section */

/* Begin PBXProject section */
		91FDB6B5248F866600721C5D /* Project object */ = {
			isa = PBXProject;
			attributes = {
				LastSwiftUpdateCheck = 1150;
				LastUpgradeCheck = 1150;
				ORGANIZATIONNAME = "Yasharth Saxena";
				TargetAttributes = {
					91FDB6BC248F866600721C5D = {
						CreatedOnToolsVersion = 11.5;
					};
				};
			};
			buildConfigurationList = 91FDB6B8248F866600721C5D /* Build configuration list for PBXProject "SwiftUIAssignment" */;
			compatibilityVersion = "Xcode 9.3";
			developmentRegion = en;
			hasScannedForEncodings = 0;
			knownRegions = (
				en,
				Base,
			);
			mainGroup = 91FDB6B4248F866600721C5D;
			productRefGroup = 91FDB6BE248F866600721C5D /* Products */;
			projectDirPath = "";
			projectRoot = "";
			targets = (
				91FDB6BC248F866600721C5D /* SwiftUIAssignment */,
			);
		};
/* End PBXProject section */

/* Begin PBXResourcesBuildPhase section */
		91FDB6BB248F866600721C5D /* Resources */ = {
			isa = PBXResourcesBuildPhase;
			buildActionMask = 2147483647;
			files = (
				91FDB6CD248F866700721C5D /* LaunchScreen.storyboard in Resources */,
				91FDB6CA248F866700721C5D /* Preview Assets.xcassets in Resources */,
				91FDB6C7248F866700721C5D /* Assets.xcassets in Resources */,
			);
			runOnlyForDeploymentPostprocessing = 0;
		};
/* End PBXResourcesBuildPhase section */

/* Begin PBXSourcesBuildPhase section */
		91FDB6B9248F866600721C5D /* Sources */ = {
			isa = PBXSourcesBuildPhase;
			buildActionMask = 2147483647;
			files = (
				91FDB6E3248F89AB00721C5D /* SwiftUIMultipleDevicePreview.swift in Sources */,
				91FDB6D9248F886000721C5D /* SwiftUIImageView.swift in Sources */,
				91FDB6C1248F866600721C5D /* AppDelegate.swift in Sources */,
				91FDB6C3248F866600721C5D /* SceneDelegate.swift in Sources */,
				91FDB6E1248F898F00721C5D /* SwiftUIPickerView.swift in Sources */,
				91FDB6DB248F88D300721C5D /* SwiftUIVerticalStackView.swift in Sources */,
				91FDB6DD248F891B00721C5D /* SwiftUIHorizontalStackView.swift in Sources */,
				91FDB6DF248F898300721C5D /* SwiftUIButton.swift in Sources */,
				91FDB6C5248F866600721C5D /* ContentView.swift in Sources */,
				91FDB6D7248F87F900721C5D /* SwiftUITextView.swift in Sources */,
			);
			runOnlyForDeploymentPostprocessing = 0;
		};
/* End PBXSourcesBuildPhase section */

/* Begin PBXVariantGroup section */
		91FDB6CB248F866700721C5D /* LaunchScreen.storyboard */ = {
			isa = PBXVariantGroup;
			children = (
				91FDB6CC248F866700721C5D /* Base */,
			);
			name = LaunchScreen.storyboard;
			sourceTree = "<group>";
		};
/* End PBXVariantGroup section */

/* Begin XCBuildConfiguration section */
		91FDB6CF248F866700721C5D /* Debug */ = {
			isa = XCBuildConfiguration;
			buildSettings = {
				ALWAYS_SEARCH_USER_PATHS = NO;
				CLANG_ANALYZER_NONNULL = YES;
				CLANG_ANALYZER_NUMBER_OBJECT_CONVERSION = YES_AGGRESSIVE;
				CLANG_CXX_LANGUAGE_STANDARD = "gnu++14";
				CLANG_CXX_LIBRARY = "libc++";
				CLANG_ENABLE_MODULES = YES;
				CLANG_ENABLE_OBJC_ARC = YES;
				CLANG_ENABLE_OBJC_WEAK = YES;
				CLANG_WARN_BLOCK_CAPTURE_AUTORELEASING = YES;
				CLANG_WARN_BOOL_CONVERSION = YES;
				CLANG_WARN_COMMA = YES;
				CLANG_WARN_CONSTANT_CONVERSION = YES;
				CLANG_WARN_DEPRECATED_OBJC_IMPLEMENTATIONS = YES;
				CLANG_WARN_DIRECT_OBJC_ISA_USAGE = YES_ERROR;
				CLANG_WARN_DOCUMENTATION_COMMENTS = YES;
				CLANG_WARN_EMPTY_BODY = YES;
				CLANG_WARN_ENUM_CONVERSION = YES;
				CLANG_WARN_INFINITE_RECURSION = YES;
				CLANG_WARN_INT_CONVERSION = YES;
				CLANG_WARN_NON_LITERAL_NULL_CONVERSION = YES;
				CLANG_WARN_OBJC_IMPLICIT_RETAIN_SELF = YES;
				CLANG_WARN_OBJC_LITERAL_CONVERSION = YES;
				CLANG_WARN_OBJC_ROOT_CLASS = YES_ERROR;
				CLANG_WARN_RANGE_LOOP_ANALYSIS = YES;
				CLANG_WARN_STRICT_PROTOTYPES = YES;
				CLANG_WARN_SUSPICIOUS_MOVE = YES;
				CLANG_WARN_UNGUARDED_AVAILABILITY = YES_AGGRESSIVE;
				CLANG_WARN_UNREACHABLE_CODE = YES;
				CLANG_WARN__DUPLICATE_METHOD_MATCH = YES;
				COPY_PHASE_STRIP = NO;
				DEBUG_INFORMATION_FORMAT = dwarf;
				ENABLE_STRICT_OBJC_MSGSEND = YES;
				ENABLE_TESTABILITY = YES;
				GCC_C_LANGUAGE_STANDARD = gnu11;
				GCC_DYNAMIC_NO_PIC = NO;
				GCC_NO_COMMON_BLOCKS = YES;
				GCC_OPTIMIZATION_LEVEL = 0;
				GCC_PREPROCESSOR_DEFINITIONS = (
					"DEBUG=1",
					"$(inherited)",
				);
				GCC_WARN_64_TO_32_BIT_CONVERSION = YES;
				GCC_WARN_ABOUT_RETURN_TYPE = YES_ERROR;
				GCC_WARN_UNDECLARED_SELECTOR = YES;
				GCC_WARN_UNINITIALIZED_AUTOS = YES_AGGRESSIVE;
				GCC_WARN_UNUSED_FUNCTION = YES;
				GCC_WARN_UNUSED_VARIABLE = YES;
				IPHONEOS_DEPLOYMENT_TARGET = 13.5;
				MTL_ENABLE_DEBUG_INFO = INCLUDE_SOURCE;
				MTL_FAST_MATH = YES;
				ONLY_ACTIVE_ARCH = YES;
				SDKROOT = iphoneos;
				SWIFT_ACTIVE_COMPILATION_CONDITIONS = DEBUG;
				SWIFT_OPTIMIZATION_LEVEL = "-Onone";
			};
			name = Debug;
		};
		91FDB6D0248F866700721C5D /* Release */ = {
			isa = XCBuildConfiguration;
			buildSettings = {
				ALWAYS_SEARCH_USER_PATHS = NO;
				CLANG_ANALYZER_NONNULL = YES;
				CLANG_ANALYZER_NUMBER_OBJECT_CONVERSION = YES_AGGRESSIVE;
				CLANG_CXX_LANGUAGE_STANDARD = "gnu++14";
				CLANG_CXX_LIBRARY = "libc++";
				CLANG_ENABLE_MODULES = YES;
				CLANG_ENABLE_OBJC_ARC = YES;
				CLANG_ENABLE_OBJC_WEAK = YES;
				CLANG_WARN_BLOCK_CAPTURE_AUTORELEASING = YES;
				CLANG_WARN_BOOL_CONVERSION = YES;
				CLANG_WARN_COMMA = YES;
				CLANG_WARN_CONSTANT_CONVERSION = YES;
				CLANG_WARN_DEPRECATED_OBJC_IMPLEMENTATIONS = YES;
				CLANG_WARN_DIRECT_OBJC_ISA_USAGE = YES_ERROR;
				CLANG_WARN_DOCUMENTATION_COMMENTS = YES;
				CLANG_WARN_EMPTY_BODY = YES;
				CLANG_WARN_ENUM_CONVERSION = YES;
				CLANG_WARN_INFINITE_RECURSION = YES;
				CLANG_WARN_INT_CONVERSION = YES;
				CLANG_WARN_NON_LITERAL_NULL_CONVERSION = YES;
				CLANG_WARN_OBJC_IMPLICIT_RETAIN_SELF = YES;
				CLANG_WARN_OBJC_LITERAL_CONVERSION = YES;
				CLANG_WARN_OBJC_ROOT_CLASS = YES_ERROR;
				CLANG_WARN_RANGE_LOOP_ANALYSIS = YES;
				CLANG_WARN_STRICT_PROTOTYPES = YES;
				CLANG_WARN_SUSPICIOUS_MOVE = YES;
				CLANG_WARN_UNGUARDED_AVAILABILITY = YES_AGGRESSIVE;
				CLANG_WARN_UNREACHABLE_CODE = YES;
				CLANG_WARN__DUPLICATE_METHOD_MATCH = YES;
				COPY_PHASE_STRIP = NO;
				DEBUG_INFORMATION_FORMAT = "dwarf-with-dsym";
				ENABLE_NS_ASSERTIONS = NO;
				ENABLE_STRICT_OBJC_MSGSEND = YES;
				GCC_C_LANGUAGE_STANDARD = gnu11;
				GCC_NO_COMMON_BLOCKS = YES;
				GCC_WARN_64_TO_32_BIT_CONVERSION = YES;
				GCC_WARN_ABOUT_RETURN_TYPE = YES_ERROR;
				GCC_WARN_UNDECLARED_SELECTOR = YES;
				GCC_WARN_UNINITIALIZED_AUTOS = YES_AGGRESSIVE;
				GCC_WARN_UNUSED_FUNCTION = YES;
				GCC_WARN_UNUSED_VARIABLE = YES;
				IPHONEOS_DEPLOYMENT_TARGET = 13.5;
				MTL_ENABLE_DEBUG_INFO = NO;
				MTL_FAST_MATH = YES;
				SDKROOT = iphoneos;
				SWIFT_COMPILATION_MODE = wholemodule;
				SWIFT_OPTIMIZATION_LEVEL = "-O";
				VALIDATE_PRODUCT = YES;
			};
			name = Release;
		};
		91FDB6D2248F866700721C5D /* Debug */ = {
			isa = XCBuildConfiguration;
			buildSettings = {
				ASSETCATALOG_COMPILER_APPICON_NAME = AppIcon;
				CODE_SIGN_STYLE = Automatic;
				DEVELOPMENT_ASSET_PATHS = "\"SwiftUIAssignment/Preview Content\"";
				ENABLE_PREVIEWS = YES;
				INFOPLIST_FILE = SwiftUIAssignment/Info.plist;
				LD_RUNPATH_SEARCH_PATHS = (
					"$(inherited)",
					"@executable_path/Frameworks",
				);
				PRODUCT_BUNDLE_IDENTIFIER = com.yasharth.SwiftUIAssignment;
				PRODUCT_NAME = "$(TARGET_NAME)";
				SWIFT_VERSION = 5.0;
				TARGETED_DEVICE_FAMILY = "1,2";
			};
			name = Debug;
		};
		91FDB6D3248F866700721C5D /* Release */ = {
			isa = XCBuildConfiguration;
			buildSettings = {
				ASSETCATALOG_COMPILER_APPICON_NAME = AppIcon;
				CODE_SIGN_STYLE = Automatic;
				DEVELOPMENT_ASSET_PATHS = "\"SwiftUIAssignment/Preview Content\"";
				ENABLE_PREVIEWS = YES;
				INFOPLIST_FILE = SwiftUIAssignment/Info.plist;
				LD_RUNPATH_SEARCH_PATHS = (
					"$(inherited)",
					"@executable_path/Frameworks",
				);
				PRODUCT_BUNDLE_IDENTIFIER = com.yasharth.SwiftUIAssignment;
				PRODUCT_NAME = "$(TARGET_NAME)";
				SWIFT_VERSION = 5.0;
				TARGETED_DEVICE_FAMILY = "1,2";
			};
			name = Release;
		};
/* End XCBuildConfiguration section */

/* Begin XCConfigurationList section */
		91FDB6B8248F866600721C5D /* Build configuration list for PBXProject "SwiftUIAssignment" */ = {
			isa = XCConfigurationList;
			buildConfigurations = (
				91FDB6CF248F866700721C5D /* Debug */,
				91FDB6D0248F866700721C5D /* Release */,
			);
			defaultConfigurationIsVisible = 0;
			defaultConfigurationName = Release;
		};
		91FDB6D1248F866700721C5D /* Build configuration list for PBXNativeTarget "SwiftUIAssignment" */ = {
			isa = XCConfigurationList;
			buildConfigurations = (
				91FDB6D2248F866700721C5D /* Debug */,
				91FDB6D3248F866700721C5D /* Release */,
			);
			defaultConfigurationIsVisible = 0;
			defaultConfigurationName = Release;
		};
/* End XCConfigurationList section */
	};
	rootObject = 91FDB6B5248F866600721C5D /* Project object */;
}
