// !$*UTF8*$!
{
	archiveVersion = 1;
	classes = {
	};
	objectVersion = 50;
	objects = {

/* Begin PBXBuildFile section */
		91AE5A19248FA5BC008C64D5 /* AppDelegate.swift in Sources */ = {isa = PBXBuildFile; fileRef = 91AE5A18248FA5BC008C64D5 /* AppDelegate.swift */; };
		91AE5A1B248FA5BC008C64D5 /* SceneDelegate.swift in Sources */ = {isa = PBXBuildFile; fileRef = 91AE5A1A248FA5BC008C64D5 /* SceneDelegate.swift */; };
		91AE5A1D248FA5BC008C64D5 /* ViewController.swift in Sources */ = {isa = PBXBuildFile; fileRef = 91AE5A1C248FA5BC008C64D5 /* ViewController.swift */; };
		91AE5A20248FA5BC008C64D5 /* Main.storyboard in Resources */ = {isa = PBXBuildFile; fileRef = 91AE5A1E248FA5BC008C64D5 /* Main.storyboard */; };
		91AE5A22248FA5BD008C64D5 /* Assets.xcassets in Resources */ = {isa = PBXBuildFile; fileRef = 91AE5A21248FA5BD008C64D5 /* Assets.xcassets */; };
		91AE5A25248FA5BD008C64D5 /* LaunchScreen.storyboard in Resources */ = {isa = PBXBuildFile; fileRef = 91AE5A23248FA5BD008C64D5 /* LaunchScreen.storyboard */; };
		91AE5A2D248FA806008C64D5 /* AddUserViewController.swift in Sources */ = {isa = PBXBuildFile; fileRef = 91AE5A2C248FA806008C64D5 /* AddUserViewController.swift */; };
		91AE5A2F248FB094008C64D5 /* TableViewCell.swift in Sources */ = {isa = PBXBuildFile; fileRef = 91AE5A2E248FB094008C64D5 /* TableViewCell.swift */; };
/* End PBXBuildFile section */

/* Begin PBXFileReference section */
		91AE5A15248FA5BC008C64D5 /* TableViewUserDataForm.app */ = {isa = PBXFileReference; explicitFileType = wrapper.application; includeInIndex = 0; path = TableViewUserDataForm.app; sourceTree = BUILT_PRODUCTS_DIR; };
		91AE5A18248FA5BC008C64D5 /* AppDelegate.swift */ = {isa = PBXFileReference; lastKnownFileType = sourcecode.swift; path = AppDelegate.swift; sourceTree = "<group>"; };
		91AE5A1A248FA5BC008C64D5 /* SceneDelegate.swift */ = {isa = PBXFileReference; lastKnownFileType = sourcecode.swift; path = SceneDelegate.swift; sourceTree = "<group>"; };
		91AE5A1C248FA5BC008C64D5 /* ViewController.swift */ = {isa = PBXFileReference; lastKnownFileType = sourcecode.swift; path = ViewController.swift; sourceTree = "<group>"; };
		91AE5A1F248FA5BC008C64D5 /* Base */ = {isa = PBXFileReference; lastKnownFileType = file.storyboard; name = Base; path = Base.lproj/Main.storyboard; sourceTree = "<group>"; };
		91AE5A21248FA5BD008C64D5 /* Assets.xcassets */ = {isa = PBXFileReference; lastKnownFileType = folder.assetcatalog; path = Assets.xcassets; sourceTree = "<group>"; };
		91AE5A24248FA5BD008C64D5 /* Base */ = {isa = PBXFileReference; lastKnownFileType = file.storyboard; name = Base; path = Base.lproj/LaunchScreen.storyboard; sourceTree = "<group>"; };
		91AE5A26248FA5BD008C64D5 /* Info.plist */ = {isa = PBXFileReference; lastKnownFileType = text.plist.xml; path = Info.plist; sourceTree = "<group>"; };
		91AE5A2C248FA806008C64D5 /* AddUserViewController.swift */ = {isa = PBXFileReference; lastKnownFileType = sourcecode.swift; path = AddUserViewController.swift; sourceTree = "<group>"; };
		91AE5A2E248FB094008C64D5 /* TableViewCell.swift */ = {isa = PBXFileReference; lastKnownFileType = sourcecode.swift; path = TableViewCell.swift; sourceTree = "<group>"; };
/* End PBXFileReference section */

/* Begin PBXFrameworksBuildPhase section */
		91AE5A12248FA5BC008C64D5 /* Frameworks */ = {
			isa = PBXFrameworksBuildPhase;
			buildActionMask = 2147483647;
			files = (
			);
			runOnlyForDeploymentPostprocessing = 0;
		};
/* End PBXFrameworksBuildPhase section */

/* Begin PBXGroup section */
		91AE5A0C248FA5BC008C64D5 = {
			isa = PBXGroup;
			children = (
				91AE5A17248FA5BC008C64D5 /* TableViewUserDataForm */,
				91AE5A16248FA5BC008C64D5 /* Products */,
			);
			sourceTree = "<group>";
		};
		91AE5A16248FA5BC008C64D5 /* Products */ = {
			isa = PBXGroup;
			children = (
				91AE5A15248FA5BC008C64D5 /* TableViewUserDataForm.app */,
			);
			name = Products;
			sourceTree = "<group>";
		};
		91AE5A17248FA5BC008C64D5 /* TableViewUserDataForm */ = {
			isa = PBXGroup;
			children = (
				91AE5A18248FA5BC008C64D5 /* AppDelegate.swift */,
				91AE5A1A248FA5BC008C64D5 /* SceneDelegate.swift */,
				91AE5A1C248FA5BC008C64D5 /* ViewController.swift */,
				91AE5A1E248FA5BC008C64D5 /* Main.storyboard */,
				91AE5A21248FA5BD008C64D5 /* Assets.xcassets */,
				91AE5A23248FA5BD008C64D5 /* LaunchScreen.storyboard */,
				91AE5A26248FA5BD008C64D5 /* Info.plist */,
				91AE5A2C248FA806008C64D5 /* AddUserViewController.swift */,
				91AE5A2E248FB094008C64D5 /* TableViewCell.swift */,
			);
			path = TableViewUserDataForm;
			sourceTree = "<group>";
		};
/* End PBXGroup section */

/* Begin PBXNativeTarget section */
		91AE5A14248FA5BC008C64D5 /* TableViewUserDataForm */ = {
			isa = PBXNativeTarget;
			buildConfigurationList = 91AE5A29248FA5BE008C64D5 /* Build configuration list for PBXNativeTarget "TableViewUserDataForm" */;
			buildPhases = (
				91AE5A11248FA5BC008C64D5 /* Sources */,
				91AE5A12248FA5BC008C64D5 /* Frameworks */,
				91AE5A13248FA5BC008C64D5 /* Resources */,
			);
			buildRules = (
			);
			dependencies = (
			);
			name = TableViewUserDataForm;
			productName = TableViewUserDataForm;
			productReference = 91AE5A15248FA5BC008C64D5 /* TableViewUserDataForm.app */;
			productType = "com.apple.product-type.application";
		};
/* End PBXNativeTarget section */

/* Begin PBXProject section */
		91AE5A0D248FA5BC008C64D5 /* Project object */ = {
			isa = PBXProject;
			attributes = {
				LastSwiftUpdateCheck = 1150;
				LastUpgradeCheck = 1150;
				ORGANIZATIONNAME = "Yasharth Saxena";
				TargetAttributes = {
					91AE5A14248FA5BC008C64D5 = {
						CreatedOnToolsVersion = 11.5;
					};
				};
			};
			buildConfigurationList = 91AE5A10248FA5BC008C64D5 /* Build configuration list for PBXProject "TableViewUserDataForm" */;
			compatibilityVersion = "Xcode 9.3";
			developmentRegion = en;
			hasScannedForEncodings = 0;
			knownRegions = (
				en,
				Base,
			);
			mainGroup = 91AE5A0C248FA5BC008C64D5;
			productRefGroup = 91AE5A16248FA5BC008C64D5 /* Products */;
			projectDirPath = "";
			projectRoot = "";
			targets = (
				91AE5A14248FA5BC008C64D5 /* TableViewUserDataForm */,
			);
		};
/* End PBXProject section */

/* Begin PBXResourcesBuildPhase section */
		91AE5A13248FA5BC008C64D5 /* Resources */ = {
			isa = PBXResourcesBuildPhase;
			buildActionMask = 2147483647;
			files = (
				91AE5A25248FA5BD008C64D5 /* LaunchScreen.storyboard in Resources */,
				91AE5A22248FA5BD008C64D5 /* Assets.xcassets in Resources */,
				91AE5A20248FA5BC008C64D5 /* Main.storyboard in Resources */,
			);
			runOnlyForDeploymentPostprocessing = 0;
		};
/* End PBXResourcesBuildPhase section */

/* Begin PBXSourcesBuildPhase section */
		91AE5A11248FA5BC008C64D5 /* Sources */ = {
			isa = PBXSourcesBuildPhase;
			buildActionMask = 2147483647;
			files = (
				91AE5A2F248FB094008C64D5 /* TableViewCell.swift in Sources */,
				91AE5A1D248FA5BC008C64D5 /* ViewController.swift in Sources */,
				91AE5A2D248FA806008C64D5 /* AddUserViewController.swift in Sources */,
				91AE5A19248FA5BC008C64D5 /* AppDelegate.swift in Sources */,
				91AE5A1B248FA5BC008C64D5 /* SceneDelegate.swift in Sources */,
			);
			runOnlyForDeploymentPostprocessing = 0;
		};
/* End PBXSourcesBuildPhase section */

/* Begin PBXVariantGroup section */
		91AE5A1E248FA5BC008C64D5 /* Main.storyboard */ = {
			isa = PBXVariantGroup;
			children = (
				91AE5A1F248FA5BC008C64D5 /* Base */,
			);
			name = Main.storyboard;
			sourceTree = "<group>";
		};
		91AE5A23248FA5BD008C64D5 /* LaunchScreen.storyboard */ = {
			isa = PBXVariantGroup;
			children = (
				91AE5A24248FA5BD008C64D5 /* Base */,
			);
			name = LaunchScreen.storyboard;
			sourceTree = "<group>";
		};
/* End PBXVariantGroup section */

/* Begin XCBuildConfiguration section */
		91AE5A27248FA5BE008C64D5 /* Debug */ = {
			isa = XCBuildConfiguration;
			buildSettings = {
				ALWAYS_SEARCH_USER_PATHS = NO;
				CLANG_ANALYZER_NONNULL = YES;
				CLANG_ANALYZER_NUMBER_OBJECT_CONVERSION = YES_AGGRESSIVE;
				CLANG_CXX_LANGUAGE_STANDARD = "gnu++14";
				CLANG_CXX_LIBRARY = "libc++";
				CLANG_ENABLE_MODULES = YES;
				CLANG_ENABLE_OBJC_ARC = YES;
				CLANG_ENABLE_OBJC_WEAK = YES;
				CLANG_WARN_BLOCK_CAPTURE_AUTORELEASING = YES;
				CLANG_WARN_BOOL_CONVERSION = YES;
				CLANG_WARN_COMMA = YES;
				CLANG_WARN_CONSTANT_CONVERSION = YES;
				CLANG_WARN_DEPRECATED_OBJC_IMPLEMENTATIONS = YES;
				CLANG_WARN_DIRECT_OBJC_ISA_USAGE = YES_ERROR;
				CLANG_WARN_DOCUMENTATION_COMMENTS = YES;
				CLANG_WARN_EMPTY_BODY = YES;
				CLANG_WARN_ENUM_CONVERSION = YES;
				CLANG_WARN_INFINITE_RECURSION = YES;
				CLANG_WARN_INT_CONVERSION = YES;
				CLANG_WARN_NON_LITERAL_NULL_CONVERSION = YES;
				CLANG_WARN_OBJC_IMPLICIT_RETAIN_SELF = YES;
				CLANG_WARN_OBJC_LITERAL_CONVERSION = YES;
				CLANG_WARN_OBJC_ROOT_CLASS = YES_ERROR;
				CLANG_WARN_RANGE_LOOP_ANALYSIS = YES;
				CLANG_WARN_STRICT_PROTOTYPES = YES;
				CLANG_WARN_SUSPICIOUS_MOVE = YES;
				CLANG_WARN_UNGUARDED_AVAILABILITY = YES_AGGRESSIVE;
				CLANG_WARN_UNREACHABLE_CODE = YES;
				CLANG_WARN__DUPLICATE_METHOD_MATCH = YES;
				COPY_PHASE_STRIP = NO;
				DEBUG_INFORMATION_FORMAT = dwarf;
				ENABLE_STRICT_OBJC_MSGSEND = YES;
				ENABLE_TESTABILITY = YES;
				GCC_C_LANGUAGE_STANDARD = gnu11;
				GCC_DYNAMIC_NO_PIC = NO;
				GCC_NO_COMMON_BLOCKS = YES;
				GCC_OPTIMIZATION_LEVEL = 0;
				GCC_PREPROCESSOR_DEFINITIONS = (
					"DEBUG=1",
					"$(inherited)",
				);
				GCC_WARN_64_TO_32_BIT_CONVERSION = YES;
				GCC_WARN_ABOUT_RETURN_TYPE = YES_ERROR;
				GCC_WARN_UNDECLARED_SELECTOR = YES;
				GCC_WARN_UNINITIALIZED_AUTOS = YES_AGGRESSIVE;
				GCC_WARN_UNUSED_FUNCTION = YES;
				GCC_WARN_UNUSED_VARIABLE = YES;
				IPHONEOS_DEPLOYMENT_TARGET = 13.5;
				MTL_ENABLE_DEBUG_INFO = INCLUDE_SOURCE;
				MTL_FAST_MATH = YES;
				ONLY_ACTIVE_ARCH = YES;
				SDKROOT = iphoneos;
				SWIFT_ACTIVE_COMPILATION_CONDITIONS = DEBUG;
				SWIFT_OPTIMIZATION_LEVEL = "-Onone";
			};
			name = Debug;
		};
		91AE5A28248FA5BE008C64D5 /* Release */ = {
			isa = XCBuildConfiguration;
			buildSettings = {
				ALWAYS_SEARCH_USER_PATHS = NO;
				CLANG_ANALYZER_NONNULL = YES;
				CLANG_ANALYZER_NUMBER_OBJECT_CONVERSION = YES_AGGRESSIVE;
				CLANG_CXX_LANGUAGE_STANDARD = "gnu++14";
				CLANG_CXX_LIBRARY = "libc++";
				CLANG_ENABLE_MODULES = YES;
				CLANG_ENABLE_OBJC_ARC = YES;
				CLANG_ENABLE_OBJC_WEAK = YES;
				CLANG_WARN_BLOCK_CAPTURE_AUTORELEASING = YES;
				CLANG_WARN_BOOL_CONVERSION = YES;
				CLANG_WARN_COMMA = YES;
				CLANG_WARN_CONSTANT_CONVERSION = YES;
				CLANG_WARN_DEPRECATED_OBJC_IMPLEMENTATIONS = YES;
				CLANG_WARN_DIRECT_OBJC_ISA_USAGE = YES_ERROR;
				CLANG_WARN_DOCUMENTATION_COMMENTS = YES;
				CLANG_WARN_EMPTY_BODY = YES;
				CLANG_WARN_ENUM_CONVERSION = YES;
				CLANG_WARN_INFINITE_RECURSION = YES;
				CLANG_WARN_INT_CONVERSION = YES;
				CLANG_WARN_NON_LITERAL_NULL_CONVERSION = YES;
				CLANG_WARN_OBJC_IMPLICIT_RETAIN_SELF = YES;
				CLANG_WARN_OBJC_LITERAL_CONVERSION = YES;
				CLANG_WARN_OBJC_ROOT_CLASS = YES_ERROR;
				CLANG_WARN_RANGE_LOOP_ANALYSIS = YES;
				CLANG_WARN_STRICT_PROTOTYPES = YES;
				CLANG_WARN_SUSPICIOUS_MOVE = YES;
				CLANG_WARN_UNGUARDED_AVAILABILITY = YES_AGGRESSIVE;
				CLANG_WARN_UNREACHABLE_CODE = YES;
				CLANG_WARN__DUPLICATE_METHOD_MATCH = YES;
				COPY_PHASE_STRIP = NO;
				DEBUG_INFORMATION_FORMAT = "dwarf-with-dsym";
				ENABLE_NS_ASSERTIONS = NO;
				ENABLE_STRICT_OBJC_MSGSEND = YES;
				GCC_C_LANGUAGE_STANDARD = gnu11;
				GCC_NO_COMMON_BLOCKS = YES;
				GCC_WARN_64_TO_32_BIT_CONVERSION = YES;
				GCC_WARN_ABOUT_RETURN_TYPE = YES_ERROR;
				GCC_WARN_UNDECLARED_SELECTOR = YES;
				GCC_WARN_UNINITIALIZED_AUTOS = YES_AGGRESSIVE;
				GCC_WARN_UNUSED_FUNCTION = YES;
				GCC_WARN_UNUSED_VARIABLE = YES;
				IPHONEOS_DEPLOYMENT_TARGET = 13.5;
				MTL_ENABLE_DEBUG_INFO = NO;
				MTL_FAST_MATH = YES;
				SDKROOT = iphoneos;
				SWIFT_COMPILATION_MODE = wholemodule;
				SWIFT_OPTIMIZATION_LEVEL = "-O";
				VALIDATE_PRODUCT = YES;
			};
			name = Release;
		};
		91AE5A2A248FA5BE008C64D5 /* Debug */ = {
			isa = XCBuildConfiguration;
			buildSettings = {
				ASSETCATALOG_COMPILER_APPICON_NAME = AppIcon;
				CODE_SIGN_STYLE = Automatic;
				INFOPLIST_FILE = TableViewUserDataForm/Info.plist;
				LD_RUNPATH_SEARCH_PATHS = (
					"$(inherited)",
					"@executable_path/Frameworks",
				);
				PRODUCT_BUNDLE_IDENTIFIER = com.yasharth.TableViewUserDataForm;
				PRODUCT_NAME = "$(TARGET_NAME)";
				SWIFT_VERSION = 5.0;
				TARGETED_DEVICE_FAMILY = "1,2";
			};
			name = Debug;
		};
		91AE5A2B248FA5BE008C64D5 /* Release */ = {
			isa = XCBuildConfiguration;
			buildSettings = {
				ASSETCATALOG_COMPILER_APPICON_NAME = AppIcon;
				CODE_SIGN_STYLE = Automatic;
				INFOPLIST_FILE = TableViewUserDataForm/Info.plist;
				LD_RUNPATH_SEARCH_PATHS = (
					"$(inherited)",
					"@executable_path/Frameworks",
				);
				PRODUCT_BUNDLE_IDENTIFIER = com.yasharth.TableViewUserDataForm;
				PRODUCT_NAME = "$(TARGET_NAME)";
				SWIFT_VERSION = 5.0;
				TARGETED_DEVICE_FAMILY = "1,2";
			};
			name = Release;
		};
/* End XCBuildConfiguration section */

/* Begin XCConfigurationList section */
		91AE5A10248FA5BC008C64D5 /* Build configuration list for PBXProject "TableViewUserDataForm" */ = {
			isa = XCConfigurationList;
			buildConfigurations = (
				91AE5A27248FA5BE008C64D5 /* Debug */,
				91AE5A28248FA5BE008C64D5 /* Release */,
			);
			defaultConfigurationIsVisible = 0;
			defaultConfigurationName = Release;
		};
		91AE5A29248FA5BE008C64D5 /* Build configuration list for PBXNativeTarget "TableViewUserDataForm" */ = {
			isa = XCConfigurationList;
			buildConfigurations = (
				91AE5A2A248FA5BE008C64D5 /* Debug */,
				91AE5A2B248FA5BE008C64D5 /* Release */,
			);
			defaultConfigurationIsVisible = 0;
			defaultConfigurationName = Release;
		};
/* End XCConfigurationList section */
	};
	rootObject = 91AE5A0D248FA5BC008C64D5 /* Project object */;
}
